
Microsoft Visual Studio Solution File, Format Version 12.00
# Visual Studio Version 17
VisualStudioVersion = 17.14.36109.1 d17.14
MinimumVisualStudioVersion = 10.0.40219.1
Project("{FAE04EC0-301F-11D3-BF4B-00C04F79EFBC}") = "BattleShipAppLibrary", "BattleShipAppLibrary\BattleShipAppLibrary.csproj", "{928A2755-7F26-4F03-96DF-C552E5629839}"
EndProject
Global
	GlobalSection(SolutionConfigurationPlatforms) = preSolution
		Debug|Any CPU = Debug|Any CPU
		Release|Any CPU = Release|Any CPU
	EndGlobalSection
	GlobalSection(ProjectConfigurationPlatforms) = postSolution
		{928A2755-7F26-4F03-96DF-C552E5629839}.Debug|Any CPU.ActiveCfg = Debug|Any CPU
		{928A2755-7F26-4F03-96DF-C552E5629839}.Debug|Any CPU.Build.0 = Debug|Any CPU
		{928A2755-7F26-4F03-96DF-C552E5629839}.Release|Any CPU.ActiveCfg = Release|Any CPU
		{928A2755-7F26-4F03-96DF-C552E5629839}.Release|Any CPU.Build.0 = Release|Any CPU
	EndGlobalSection
	GlobalSection(SolutionProperties) = preSolution
		HideSolutionNode = FALSE
	EndGlobalSection
	GlobalSection(ExtensibilityGlobals) = postSolution
		SolutionGuid = {680B88C8-7192-454C-847F-9B81B570FBE1}
	EndGlobalSection
EndGlobal
